{
  "nodes": {
    "flake-parts": {
      "inputs": {
        "nixpkgs-lib": [
          "nixpkgs"
        ]
      },
      "locked": {
        "lastModified": 1704982712,
        "narHash": "sha256-2Ptt+9h8dczgle2Oo6z5ni5rt/uLMG47UFTR1ry/wgg=",
        "owner": "hercules-ci",
        "repo": "flake-parts",
        "rev": "07f6395285469419cf9d078f59b5b49993198c00",
        "type": "github"
      },
      "original": {
        "owner": "hercules-ci",
        "repo": "flake-parts",
        "type": "github"
      }
    },
    "nixpkgs": {
      "locked": {
        "lastModified": 1706275741,
        "narHash": "sha256-53O2JHFdDTWHzTfLkZRAZVAk9ntChFhcTTnAtj6bJKE=",
        "owner": "Nixos",
        "repo": "nixpkgs",
        "rev": "7ac72b3ee2af9bab80d66addd9b237277cc975c5",
        "type": "github"
      },
      "original": {
        "owner": "Nixos",
        "ref": "nixos-unstable-small",
        "repo": "nixpkgs",
        "type": "github"
      }
    },
    "root": {
      "inputs": {
        "flake-parts": "flake-parts",
        "nixpkgs": "nixpkgs",
        "treefmt-nix": "treefmt-nix"
      }
    },
    "treefmt-nix": {
      "inputs": {
        "nixpkgs": [
          "nixpkgs"
        ]
      },
      "locked": {
        "lastModified": 1706285206,
        "narHash": "sha256-3WWX6fckgMsFFOmYCuCRJqnLKFB2L3rS2EF6amD+Fp8=",
        "owner": "numtide",
        "repo": "treefmt-nix",
        "rev": "fbef7c773be115ed33f37e97256a9e8f6312b925",
        "type": "github"
      },
      "original": {
        "owner": "numtide",
        "repo": "treefmt-nix",
        "type": "github"
      }
    }
  },
  "root": "root",
  "version": 7
}
